
Microsoft Visual Studio Solution File, Format Version 12.00
# Visual Studio 15
VisualStudioVersion = 15.0.28307.539
MinimumVisualStudioVersion = 10.0.40219.1
Project("{FAE04EC0-301F-11D3-BF4B-00C04F79EFBC}") = "MES", "MES\MES.csproj", "{A0867C2D-6AB1-454E-98B6-A2DE88687443}"
EndProject
Project("{FAE04EC0-301F-11D3-BF4B-00C04F79EFBC}") = "MES.Tests", "MES.Tests\MES.Tests.csproj", "{77A29EF5-BC99-4A52-92DA-1B721DF7449D}"
EndProject
Global
	GlobalSection(SolutionConfigurationPlatforms) = preSolution
		Debug|Any CPU = Debug|Any CPU
		Release|Any CPU = Release|Any CPU
	EndGlobalSection
	GlobalSection(ProjectConfigurationPlatforms) = postSolution
		{A0867C2D-6AB1-454E-98B6-A2DE88687443}.Debug|Any CPU.ActiveCfg = Debug|Any CPU
		{A0867C2D-6AB1-454E-98B6-A2DE88687443}.Debug|Any CPU.Build.0 = Debug|Any CPU
		{A0867C2D-6AB1-454E-98B6-A2DE88687443}.Release|Any CPU.ActiveCfg = Release|Any CPU
		{A0867C2D-6AB1-454E-98B6-A2DE88687443}.Release|Any CPU.Build.0 = Release|Any CPU
		{77A29EF5-BC99-4A52-92DA-1B721DF7449D}.Debug|Any CPU.ActiveCfg = Debug|Any CPU
		{77A29EF5-BC99-4A52-92DA-1B721DF7449D}.Debug|Any CPU.Build.0 = Debug|Any CPU
		{77A29EF5-BC99-4A52-92DA-1B721DF7449D}.Release|Any CPU.ActiveCfg = Release|Any CPU
		{77A29EF5-BC99-4A52-92DA-1B721DF7449D}.Release|Any CPU.Build.0 = Release|Any CPU
	EndGlobalSection
	GlobalSection(SolutionProperties) = preSolution
		HideSolutionNode = FALSE
	EndGlobalSection
	GlobalSection(ExtensibilityGlobals) = postSolution
		SolutionGuid = {CBA408E2-900E-44DC-894F-D5E5E7CB96DE}
	EndGlobalSection
EndGlobal
